// !$*UTF8*$!
{
	archiveVersion = 1;
	classes = {
	};
	objectVersion = 56;
	objects = {

/* Begin PBXBuildFile section */
		2E1B9AC12BFEE3F60076C331 /* TermsCollectionViewCell.swift in Sources */ = {isa = PBXBuildFile; fileRef = 2E1B9AC02BFEE3F60076C331 /* TermsCollectionViewCell.swift */; };
		2E1B9AC32BFEE4E50076C331 /* Secret.swift in Sources */ = {isa = PBXBuildFile; fileRef = 2E1B9AC22BFEE4E50076C331 /* Secret.swift */; };
		2E1C2A2E2BFC31BB0045E215 /* StoreCellModel.swift in Sources */ = {isa = PBXBuildFile; fileRef = 2E1C2A2D2BFC31BB0045E215 /* StoreCellModel.swift */; };
		2E2955122BEFB1E1001BCF22 /* AppleSDGothicNeo-Heavy.ttf in Resources */ = {isa = PBXBuildFile; fileRef = 2E2955112BEFB1E1001BCF22 /* AppleSDGothicNeo-Heavy.ttf */; };
		2E2955142BEFB640001BCF22 /* UILabel+.swift in Sources */ = {isa = PBXBuildFile; fileRef = 2E2955132BEFB640001BCF22 /* UILabel+.swift */; };
		2E2955162BEFBAFF001BCF22 /* AppleSDGothicNeo-ExtraBold.ttf in Resources */ = {isa = PBXBuildFile; fileRef = 2E2955152BEFBAFF001BCF22 /* AppleSDGothicNeo-ExtraBold.ttf */; };
		2E37781D2BFB82DA0074903A /* StoreViewController.swift in Sources */ = {isa = PBXBuildFile; fileRef = 2E37781C2BFB82DA0074903A /* StoreViewController.swift */; };
		2E37781F2BFB99EE0074903A /* ArtistCollectionViewCell.swift in Sources */ = {isa = PBXBuildFile; fileRef = 2E37781E2BFB99EE0074903A /* ArtistCollectionViewCell.swift */; };
		2EA8FCC92BFCFEC90077CEDC /* StoreStackViewHeight.swift in Sources */ = {isa = PBXBuildFile; fileRef = 2EA8FCC82BFCFEC90077CEDC /* StoreStackViewHeight.swift */; };
		2ECB595A2BF4C34700DA4FE9 /* MoreViewController.swift in Sources */ = {isa = PBXBuildFile; fileRef = 2ECB59592BF4C34700DA4FE9 /* MoreViewController.swift */; };
		2ECB595C2BF4C3D100DA4FE9 /* MoreTableVIewCell.swift in Sources */ = {isa = PBXBuildFile; fileRef = 2ECB595B2BF4C3D100DA4FE9 /* MoreTableVIewCell.swift */; };
		2ECB595F2BF4E0C400DA4FE9 /* FontStyle.swift in Sources */ = {isa = PBXBuildFile; fileRef = 2ECB595E2BF4E0C400DA4FE9 /* FontStyle.swift */; };
		2ECB59622BF4E0ED00DA4FE9 /* FontName.swift in Sources */ = {isa = PBXBuildFile; fileRef = 2ECB59612BF4E0ED00DA4FE9 /* FontName.swift */; };
		2ECB59672BF4EE4700DA4FE9 /* MoreCellModel.swift in Sources */ = {isa = PBXBuildFile; fileRef = 2ECB59662BF4EE4700DA4FE9 /* MoreCellModel.swift */; };
		862CA92A2BFE522C00536E01 /* StoreDetailModel.swift in Sources */ = {isa = PBXBuildFile; fileRef = 862CA9292BFE522C00536E01 /* StoreDetailModel.swift */; };
		862CA92C2BFE523100536E01 /* StoreDetailNotice.swift in Sources */ = {isa = PBXBuildFile; fileRef = 862CA92B2BFE523100536E01 /* StoreDetailNotice.swift */; };
		862CA92E2BFE526200536E01 /* ArtistListModel.swift in Sources */ = {isa = PBXBuildFile; fileRef = 862CA92D2BFE526200536E01 /* ArtistListModel.swift */; };
		8658D2C92BF9B7A400F62E53 /* StoreDetailInformationView.swift in Sources */ = {isa = PBXBuildFile; fileRef = 8658D2C82BF9B7A400F62E53 /* StoreDetailInformationView.swift */; };
		868FA2502BF8DA99001760C2 /* StoreDetailViewController.swift in Sources */ = {isa = PBXBuildFile; fileRef = 868FA24C2BF8DA99001760C2 /* StoreDetailViewController.swift */; };
		868FA2522BF8DBA4001760C2 /* UIStackView+.swift in Sources */ = {isa = PBXBuildFile; fileRef = 868FA2512BF8DBA4001760C2 /* UIStackView+.swift */; };
		868FA2542BF8EF77001760C2 /* StoreDetailHeaderView.swift in Sources */ = {isa = PBXBuildFile; fileRef = 868FA2532BF8EF77001760C2 /* StoreDetailHeaderView.swift */; };
		868FA25D2BF9093D001760C2 /* StoreDetailPriceListView.swift in Sources */ = {isa = PBXBuildFile; fileRef = 868FA25C2BF9093D001760C2 /* StoreDetailPriceListView.swift */; };
		86A4177C2BFD0B4F0090CFF0 /* ArtistsServeice.swift in Sources */ = {isa = PBXBuildFile; fileRef = 86A4177B2BFD0B4F0090CFF0 /* ArtistsServeice.swift */; };
		86A4177E2BFD0B6A0090CFF0 /* ArtistsTargetType.swift in Sources */ = {isa = PBXBuildFile; fileRef = 86A4177D2BFD0B6A0090CFF0 /* ArtistsTargetType.swift */; };
		86A417822BFD25230090CFF0 /* CombineString.swift in Sources */ = {isa = PBXBuildFile; fileRef = 86A417812BFD25230090CFF0 /* CombineString.swift */; };
		86A417842BFD29580090CFF0 /* WonFormatter.swift in Sources */ = {isa = PBXBuildFile; fileRef = 86A417832BFD29580090CFF0 /* WonFormatter.swift */; };
		A291B1A82BECD9140044CB2B /* NetworkResult.swift in Sources */ = {isa = PBXBuildFile; fileRef = A291B1A72BECD9140044CB2B /* NetworkResult.swift */; };
		A291B1AA2BECD9220044CB2B /* Logger.swift in Sources */ = {isa = PBXBuildFile; fileRef = A291B1A92BECD9220044CB2B /* Logger.swift */; };
		A291B1AC2BECD9280044CB2B /* UIFont+.swift in Sources */ = {isa = PBXBuildFile; fileRef = A291B1AB2BECD9280044CB2B /* UIFont+.swift */; };
		A291B1AF2BECD9480044CB2B /* BaseModel.swift in Sources */ = {isa = PBXBuildFile; fileRef = A291B1AE2BECD9480044CB2B /* BaseModel.swift */; };
		A291B1B12BECD9500044CB2B /* BaseViewController.swift in Sources */ = {isa = PBXBuildFile; fileRef = A291B1B02BECD9500044CB2B /* BaseViewController.swift */; };
		A291B1B32BECE5540044CB2B /* BaseTableViewCell.swift in Sources */ = {isa = PBXBuildFile; fileRef = A291B1B22BECE5540044CB2B /* BaseTableViewCell.swift */; };
		A291B1B52BECE63E0044CB2B /* BaseCollectionViewCell.swift in Sources */ = {isa = PBXBuildFile; fileRef = A291B1B42BECE63E0044CB2B /* BaseCollectionViewCell.swift */; };
		A291B1B72BECE78D0044CB2B /* .swiftlint.yml in Resources */ = {isa = PBXBuildFile; fileRef = A291B1B62BECE78D0044CB2B /* .swiftlint.yml */; };
		A29F9CB92BF273EA0030F957 /* TabBarController.swift in Sources */ = {isa = PBXBuildFile; fileRef = A29F9CB82BF273EA0030F957 /* TabBarController.swift */; };
		A29F9CBB2BF27E8F0030F957 /* CALayer+.swift in Sources */ = {isa = PBXBuildFile; fileRef = A29F9CBA2BF27E8F0030F957 /* CALayer+.swift */; };
		A29FAED52BF74C9500C56815 /* FriendsFooterView.swift in Sources */ = {isa = PBXBuildFile; fileRef = A29FAED42BF74C9500C56815 /* FriendsFooterView.swift */; };
		A29FAED72BF75D7B00C56815 /* NavigationTitleName.swift in Sources */ = {isa = PBXBuildFile; fileRef = A29FAED62BF75D7B00C56815 /* NavigationTitleName.swift */; };
		A29FAED92BF785E700C56815 /* ProfileViewController.swift in Sources */ = {isa = PBXBuildFile; fileRef = A29FAED82BF785E700C56815 /* ProfileViewController.swift */; };
		A29FAEDB2BF799A600C56815 /* PaddingLabel.swift in Sources */ = {isa = PBXBuildFile; fileRef = A29FAEDA2BF799A600C56815 /* PaddingLabel.swift */; };
		A2AC326B2BECCF9B0010903A /* AppDelegate.swift in Sources */ = {isa = PBXBuildFile; fileRef = A2AC326A2BECCF9B0010903A /* AppDelegate.swift */; };
		A2AC326D2BECCF9B0010903A /* SceneDelegate.swift in Sources */ = {isa = PBXBuildFile; fileRef = A2AC326C2BECCF9B0010903A /* SceneDelegate.swift */; };
		A2AC326F2BECCF9B0010903A /* FriendsViewController.swift in Sources */ = {isa = PBXBuildFile; fileRef = A2AC326E2BECCF9B0010903A /* FriendsViewController.swift */; };
		A2AC32742BECCF9F0010903A /* Assets.xcassets in Resources */ = {isa = PBXBuildFile; fileRef = A2AC32732BECCF9F0010903A /* Assets.xcassets */; };
		A2AC32772BECCF9F0010903A /* LaunchScreen.storyboard in Resources */ = {isa = PBXBuildFile; fileRef = A2AC32752BECCF9F0010903A /* LaunchScreen.storyboard */; };
		A2AC82872BED1FF700C5E4D0 /* UIView+.swift in Sources */ = {isa = PBXBuildFile; fileRef = A2AC82862BED1FF700C5E4D0 /* UIView+.swift */; };
		A2AC828A2BED24CB00C5E4D0 /* SnapKit in Frameworks */ = {isa = PBXBuildFile; productRef = A2AC82892BED24CB00C5E4D0 /* SnapKit */; };
		A2AC828F2BED24D700C5E4D0 /* Then in Frameworks */ = {isa = PBXBuildFile; productRef = A2AC828E2BED24D700C5E4D0 /* Then */; };
		A2AC82942BED253900C5E4D0 /* Moya in Frameworks */ = {isa = PBXBuildFile; productRef = A2AC82932BED253900C5E4D0 /* Moya */; };
		A2AC829F2BED5A2600C5E4D0 /* TempService.swift in Sources */ = {isa = PBXBuildFile; fileRef = A2AC829E2BED5A2600C5E4D0 /* TempService.swift */; };
		A2AC82A22BED5AC000C5E4D0 /* TempTargetType.swift in Sources */ = {isa = PBXBuildFile; fileRef = A2AC82A12BED5AC000C5E4D0 /* TempTargetType.swift */; };
		A2AC82A82BED5D0D00C5E4D0 /* MoyaLoggingPlugin.swift in Sources */ = {isa = PBXBuildFile; fileRef = A2AC82A72BED5D0D00C5E4D0 /* MoyaLoggingPlugin.swift */; };
		A2C24A782BF686D800E0BA5E /* FriendsTableViewCell.swift in Sources */ = {isa = PBXBuildFile; fileRef = A2C24A772BF686D800E0BA5E /* FriendsTableViewCell.swift */; };
		A2C24A7A2BF6877300E0BA5E /* NSObject+.swift in Sources */ = {isa = PBXBuildFile; fileRef = A2C24A792BF6877300E0BA5E /* NSObject+.swift */; };
		A2C24A7C2BF730FC00E0BA5E /* FriendsHeaderView.swift in Sources */ = {isa = PBXBuildFile; fileRef = A2C24A7B2BF730FC00E0BA5E /* FriendsHeaderView.swift */; };
		A2D0C7AA2BFBDEA5008B11A3 /* ArtistMembersService.swift in Sources */ = {isa = PBXBuildFile; fileRef = A2D0C7A92BFBDEA5008B11A3 /* ArtistMembersService.swift */; };
		A2D0C7AC2BFBDECC008B11A3 /* ArtistMembersTargetType.swift in Sources */ = {isa = PBXBuildFile; fileRef = A2D0C7AB2BFBDECC008B11A3 /* ArtistMembersTargetType.swift */; };
		A2D0C7B22BFC51BD008B11A3 /* Kingfisher in Frameworks */ = {isa = PBXBuildFile; productRef = A2D0C7B12BFC51BD008B11A3 /* Kingfisher */; };
		A2D0C7B42BFCCC6C008B11A3 /* ArtistProfileModel.swift in Sources */ = {isa = PBXBuildFile; fileRef = A2D0C7B32BFCCC6C008B11A3 /* ArtistProfileModel.swift */; };
/* End PBXBuildFile section */

/* Begin PBXFileReference section */
		2E1B9AC02BFEE3F60076C331 /* TermsCollectionViewCell.swift */ = {isa = PBXFileReference; lastKnownFileType = sourcecode.swift; name = TermsCollectionViewCell.swift; path = Bubble/Network/Service/TermsCollectionViewCell.swift; sourceTree = SOURCE_ROOT; };
		2E1B9AC22BFEE4E50076C331 /* Secret.swift */ = {isa = PBXFileReference; fileEncoding = 4; lastKnownFileType = sourcecode.swift; path = Secret.swift; sourceTree = "<group>"; };
		2E1C2A2D2BFC31BB0045E215 /* StoreCellModel.swift */ = {isa = PBXFileReference; lastKnownFileType = sourcecode.swift; path = StoreCellModel.swift; sourceTree = "<group>"; };
		2E2955112BEFB1E1001BCF22 /* AppleSDGothicNeo-Heavy.ttf */ = {isa = PBXFileReference; lastKnownFileType = file; path = "AppleSDGothicNeo-Heavy.ttf"; sourceTree = "<group>"; };
		2E2955132BEFB640001BCF22 /* UILabel+.swift */ = {isa = PBXFileReference; lastKnownFileType = sourcecode.swift; path = "UILabel+.swift"; sourceTree = "<group>"; };
		2E2955152BEFBAFF001BCF22 /* AppleSDGothicNeo-ExtraBold.ttf */ = {isa = PBXFileReference; lastKnownFileType = file; path = "AppleSDGothicNeo-ExtraBold.ttf"; sourceTree = "<group>"; };
		2E37781C2BFB82DA0074903A /* StoreViewController.swift */ = {isa = PBXFileReference; lastKnownFileType = sourcecode.swift; path = StoreViewController.swift; sourceTree = "<group>"; };
		2E37781E2BFB99EE0074903A /* ArtistCollectionViewCell.swift */ = {isa = PBXFileReference; lastKnownFileType = sourcecode.swift; path = ArtistCollectionViewCell.swift; sourceTree = "<group>"; };
		2EA8FCC52BFCE2150077CEDC /* Secret.swift */ = {isa = PBXFileReference; lastKnownFileType = sourcecode.swift; path = Secret.swift; sourceTree = "<group>"; };
		2EA8FCC82BFCFEC90077CEDC /* StoreStackViewHeight.swift */ = {isa = PBXFileReference; lastKnownFileType = sourcecode.swift; path = StoreStackViewHeight.swift; sourceTree = "<group>"; };
		2ECB59592BF4C34700DA4FE9 /* MoreViewController.swift */ = {isa = PBXFileReference; lastKnownFileType = sourcecode.swift; path = MoreViewController.swift; sourceTree = "<group>"; };
		2ECB595B2BF4C3D100DA4FE9 /* MoreTableVIewCell.swift */ = {isa = PBXFileReference; lastKnownFileType = sourcecode.swift; path = MoreTableVIewCell.swift; sourceTree = "<group>"; };
		2ECB595E2BF4E0C400DA4FE9 /* FontStyle.swift */ = {isa = PBXFileReference; lastKnownFileType = sourcecode.swift; path = FontStyle.swift; sourceTree = "<group>"; };
		2ECB59612BF4E0ED00DA4FE9 /* FontName.swift */ = {isa = PBXFileReference; lastKnownFileType = sourcecode.swift; path = FontName.swift; sourceTree = "<group>"; };
		2ECB59662BF4EE4700DA4FE9 /* MoreCellModel.swift */ = {isa = PBXFileReference; lastKnownFileType = sourcecode.swift; path = MoreCellModel.swift; sourceTree = "<group>"; };
		862CA9292BFE522C00536E01 /* StoreDetailModel.swift */ = {isa = PBXFileReference; fileEncoding = 4; lastKnownFileType = sourcecode.swift; path = StoreDetailModel.swift; sourceTree = "<group>"; };
		862CA92B2BFE523100536E01 /* StoreDetailNotice.swift */ = {isa = PBXFileReference; fileEncoding = 4; lastKnownFileType = sourcecode.swift; path = StoreDetailNotice.swift; sourceTree = "<group>"; };
		862CA92D2BFE526200536E01 /* ArtistListModel.swift */ = {isa = PBXFileReference; fileEncoding = 4; lastKnownFileType = sourcecode.swift; path = ArtistListModel.swift; sourceTree = "<group>"; };
		8658D2C82BF9B7A400F62E53 /* StoreDetailInformationView.swift */ = {isa = PBXFileReference; lastKnownFileType = sourcecode.swift; path = StoreDetailInformationView.swift; sourceTree = "<group>"; };
		868FA24C2BF8DA99001760C2 /* StoreDetailViewController.swift */ = {isa = PBXFileReference; fileEncoding = 4; lastKnownFileType = sourcecode.swift; path = StoreDetailViewController.swift; sourceTree = "<group>"; };
		868FA2512BF8DBA4001760C2 /* UIStackView+.swift */ = {isa = PBXFileReference; lastKnownFileType = sourcecode.swift; path = "UIStackView+.swift"; sourceTree = "<group>"; };
		868FA2532BF8EF77001760C2 /* StoreDetailHeaderView.swift */ = {isa = PBXFileReference; lastKnownFileType = sourcecode.swift; path = StoreDetailHeaderView.swift; sourceTree = "<group>"; };
		868FA25C2BF9093D001760C2 /* StoreDetailPriceListView.swift */ = {isa = PBXFileReference; lastKnownFileType = sourcecode.swift; path = StoreDetailPriceListView.swift; sourceTree = "<group>"; };
		86A4177B2BFD0B4F0090CFF0 /* ArtistsServeice.swift */ = {isa = PBXFileReference; lastKnownFileType = sourcecode.swift; path = ArtistsServeice.swift; sourceTree = "<group>"; };
		86A4177D2BFD0B6A0090CFF0 /* ArtistsTargetType.swift */ = {isa = PBXFileReference; lastKnownFileType = sourcecode.swift; path = ArtistsTargetType.swift; sourceTree = "<group>"; };
		86A417812BFD25230090CFF0 /* CombineString.swift */ = {isa = PBXFileReference; lastKnownFileType = sourcecode.swift; path = CombineString.swift; sourceTree = "<group>"; };
		86A417832BFD29580090CFF0 /* WonFormatter.swift */ = {isa = PBXFileReference; lastKnownFileType = sourcecode.swift; path = WonFormatter.swift; sourceTree = "<group>"; };
		A291B1A72BECD9140044CB2B /* NetworkResult.swift */ = {isa = PBXFileReference; lastKnownFileType = sourcecode.swift; path = NetworkResult.swift; sourceTree = "<group>"; };
		A291B1A92BECD9220044CB2B /* Logger.swift */ = {isa = PBXFileReference; lastKnownFileType = sourcecode.swift; path = Logger.swift; sourceTree = "<group>"; };
		A291B1AB2BECD9280044CB2B /* UIFont+.swift */ = {isa = PBXFileReference; lastKnownFileType = sourcecode.swift; path = "UIFont+.swift"; sourceTree = "<group>"; };
		A291B1AE2BECD9480044CB2B /* BaseModel.swift */ = {isa = PBXFileReference; lastKnownFileType = sourcecode.swift; path = BaseModel.swift; sourceTree = "<group>"; };
		A291B1B02BECD9500044CB2B /* BaseViewController.swift */ = {isa = PBXFileReference; lastKnownFileType = sourcecode.swift; path = BaseViewController.swift; sourceTree = "<group>"; };
		A291B1B22BECE5540044CB2B /* BaseTableViewCell.swift */ = {isa = PBXFileReference; lastKnownFileType = sourcecode.swift; path = BaseTableViewCell.swift; sourceTree = "<group>"; };
		A291B1B42BECE63E0044CB2B /* BaseCollectionViewCell.swift */ = {isa = PBXFileReference; lastKnownFileType = sourcecode.swift; path = BaseCollectionViewCell.swift; sourceTree = "<group>"; };
		A291B1B62BECE78D0044CB2B /* .swiftlint.yml */ = {isa = PBXFileReference; lastKnownFileType = text.yaml; path = .swiftlint.yml; sourceTree = "<group>"; };
		A29F9CB82BF273EA0030F957 /* TabBarController.swift */ = {isa = PBXFileReference; lastKnownFileType = sourcecode.swift; path = TabBarController.swift; sourceTree = "<group>"; };
		A29F9CBA2BF27E8F0030F957 /* CALayer+.swift */ = {isa = PBXFileReference; lastKnownFileType = sourcecode.swift; path = "CALayer+.swift"; sourceTree = "<group>"; };
		A29FAED42BF74C9500C56815 /* FriendsFooterView.swift */ = {isa = PBXFileReference; lastKnownFileType = sourcecode.swift; path = FriendsFooterView.swift; sourceTree = "<group>"; };
		A29FAED62BF75D7B00C56815 /* NavigationTitleName.swift */ = {isa = PBXFileReference; lastKnownFileType = sourcecode.swift; path = NavigationTitleName.swift; sourceTree = "<group>"; };
		A29FAED82BF785E700C56815 /* ProfileViewController.swift */ = {isa = PBXFileReference; lastKnownFileType = sourcecode.swift; path = ProfileViewController.swift; sourceTree = "<group>"; };
		A29FAEDA2BF799A600C56815 /* PaddingLabel.swift */ = {isa = PBXFileReference; lastKnownFileType = sourcecode.swift; path = PaddingLabel.swift; sourceTree = "<group>"; };
		A2AC32672BECCF9B0010903A /* Bubble.app */ = {isa = PBXFileReference; explicitFileType = wrapper.application; includeInIndex = 0; path = Bubble.app; sourceTree = BUILT_PRODUCTS_DIR; };
		A2AC326A2BECCF9B0010903A /* AppDelegate.swift */ = {isa = PBXFileReference; lastKnownFileType = sourcecode.swift; path = AppDelegate.swift; sourceTree = "<group>"; };
		A2AC326C2BECCF9B0010903A /* SceneDelegate.swift */ = {isa = PBXFileReference; lastKnownFileType = sourcecode.swift; path = SceneDelegate.swift; sourceTree = "<group>"; };
		A2AC326E2BECCF9B0010903A /* FriendsViewController.swift */ = {isa = PBXFileReference; lastKnownFileType = sourcecode.swift; path = FriendsViewController.swift; sourceTree = "<group>"; };
		A2AC32732BECCF9F0010903A /* Assets.xcassets */ = {isa = PBXFileReference; lastKnownFileType = folder.assetcatalog; path = Assets.xcassets; sourceTree = "<group>"; };
		A2AC32762BECCF9F0010903A /* Base */ = {isa = PBXFileReference; lastKnownFileType = file.storyboard; name = Base; path = Base.lproj/LaunchScreen.storyboard; sourceTree = "<group>"; };
		A2AC32782BECCF9F0010903A /* Info.plist */ = {isa = PBXFileReference; lastKnownFileType = text.plist.xml; path = Info.plist; sourceTree = "<group>"; };
		A2AC82862BED1FF700C5E4D0 /* UIView+.swift */ = {isa = PBXFileReference; lastKnownFileType = sourcecode.swift; path = "UIView+.swift"; sourceTree = "<group>"; };
		A2AC829E2BED5A2600C5E4D0 /* TempService.swift */ = {isa = PBXFileReference; lastKnownFileType = sourcecode.swift; path = TempService.swift; sourceTree = "<group>"; };
		A2AC82A12BED5AC000C5E4D0 /* TempTargetType.swift */ = {isa = PBXFileReference; lastKnownFileType = sourcecode.swift; path = TempTargetType.swift; sourceTree = "<group>"; };
		A2AC82A72BED5D0D00C5E4D0 /* MoyaLoggingPlugin.swift */ = {isa = PBXFileReference; lastKnownFileType = sourcecode.swift; path = MoyaLoggingPlugin.swift; sourceTree = "<group>"; };
		A2C24A772BF686D800E0BA5E /* FriendsTableViewCell.swift */ = {isa = PBXFileReference; lastKnownFileType = sourcecode.swift; path = FriendsTableViewCell.swift; sourceTree = "<group>"; };
		A2C24A792BF6877300E0BA5E /* NSObject+.swift */ = {isa = PBXFileReference; lastKnownFileType = sourcecode.swift; path = "NSObject+.swift"; sourceTree = "<group>"; };
		A2C24A7B2BF730FC00E0BA5E /* FriendsHeaderView.swift */ = {isa = PBXFileReference; lastKnownFileType = sourcecode.swift; path = FriendsHeaderView.swift; sourceTree = "<group>"; };
		A2D0C7A92BFBDEA5008B11A3 /* ArtistMembersService.swift */ = {isa = PBXFileReference; lastKnownFileType = sourcecode.swift; path = ArtistMembersService.swift; sourceTree = "<group>"; };
		A2D0C7AB2BFBDECC008B11A3 /* ArtistMembersTargetType.swift */ = {isa = PBXFileReference; lastKnownFileType = sourcecode.swift; path = ArtistMembersTargetType.swift; sourceTree = "<group>"; };
		A2D0C7B32BFCCC6C008B11A3 /* ArtistProfileModel.swift */ = {isa = PBXFileReference; lastKnownFileType = sourcecode.swift; path = ArtistProfileModel.swift; sourceTree = "<group>"; };
/* End PBXFileReference section */

/* Begin PBXFrameworksBuildPhase section */
		A2AC32642BECCF9B0010903A /* Frameworks */ = {
			isa = PBXFrameworksBuildPhase;
			buildActionMask = 2147483647;
			files = (
				A2D0C7B22BFC51BD008B11A3 /* Kingfisher in Frameworks */,
				A2AC828A2BED24CB00C5E4D0 /* SnapKit in Frameworks */,
				A2AC828F2BED24D700C5E4D0 /* Then in Frameworks */,
				A2AC82942BED253900C5E4D0 /* Moya in Frameworks */,
			);
			runOnlyForDeploymentPostprocessing = 0;
		};
/* End PBXFrameworksBuildPhase section */

/* Begin PBXGroup section */
		2E1C2A2C2BFC31AA0045E215 /* Model */ = {
			isa = PBXGroup;
			children = (
				2E1C2A2D2BFC31BB0045E215 /* StoreCellModel.swift */,
			);
			path = Model;
			sourceTree = "<group>";
		};
		2E37781B2BFB82A50074903A /* Store */ = {
			isa = PBXGroup;
			children = (
				2EA8FCC72BFCFBE70077CEDC /* Cell */,
				2E1C2A2C2BFC31AA0045E215 /* Model */,
				2E37781C2BFB82DA0074903A /* StoreViewController.swift */,
			);
			path = Store;
			sourceTree = "<group>";
		};
		2E8BE8742BEFACA800904B35 /* Font */ = {
			isa = PBXGroup;
			children = (
				2E2955112BEFB1E1001BCF22 /* AppleSDGothicNeo-Heavy.ttf */,
				2E2955152BEFBAFF001BCF22 /* AppleSDGothicNeo-ExtraBold.ttf */,
			);
			path = Font;
			sourceTree = "<group>";
		};
		2EA8FCC72BFCFBE70077CEDC /* Cell */ = {
			isa = PBXGroup;
			children = (
				2E37781E2BFB99EE0074903A /* ArtistCollectionViewCell.swift */,
				2E1B9AC02BFEE3F60076C331 /* TermsCollectionViewCell.swift */,
			);
			path = Cell;
			sourceTree = "<group>";
		};
		2ECB595D2BF4E0B100DA4FE9 /* Enum */ = {
			isa = PBXGroup;
			children = (
				2ECB595E2BF4E0C400DA4FE9 /* FontStyle.swift */,
				2ECB59612BF4E0ED00DA4FE9 /* FontName.swift */,
				A29FAED62BF75D7B00C56815 /* NavigationTitleName.swift */,
				2EA8FCC82BFCFEC90077CEDC /* StoreStackViewHeight.swift */,
			);
			path = Enum;
			sourceTree = "<group>";
		};
		2ECB59632BF4E46C00DA4FE9 /* More */ = {
			isa = PBXGroup;
			children = (
				2ECB59652BF4EE3900DA4FE9 /* Model */,
				2ECB59682BF4F39400DA4FE9 /* Cell */,
				2ECB59592BF4C34700DA4FE9 /* MoreViewController.swift */,
			);
			path = More;
			sourceTree = "<group>";
		};
		2ECB59652BF4EE3900DA4FE9 /* Model */ = {
			isa = PBXGroup;
			children = (
				2ECB59662BF4EE4700DA4FE9 /* MoreCellModel.swift */,
			);
			path = Model;
			sourceTree = "<group>";
		};
		2ECB59682BF4F39400DA4FE9 /* Cell */ = {
			isa = PBXGroup;
			children = (
				2ECB595B2BF4C3D100DA4FE9 /* MoreTableVIewCell.swift */,
			);
			path = Cell;
			sourceTree = "<group>";
		};
		8658D2CD2BFA2EBD00F62E53 /* Model */ = {
			isa = PBXGroup;
			children = (
				862CA92B2BFE523100536E01 /* StoreDetailNotice.swift */,
				862CA9292BFE522C00536E01 /* StoreDetailModel.swift */,
			);
			path = Model;
			sourceTree = "<group>";
		};
		868FA24A2BF8DA99001760C2 /* Component */ = {
			isa = PBXGroup;
			children = (
				868FA2532BF8EF77001760C2 /* StoreDetailHeaderView.swift */,
				868FA25C2BF9093D001760C2 /* StoreDetailPriceListView.swift */,
				8658D2C82BF9B7A400F62E53 /* StoreDetailInformationView.swift */,
			);
			path = Component;
			sourceTree = "<group>";
		};
		868FA24D2BF8DA99001760C2 /* StoreDetail */ = {
			isa = PBXGroup;
			children = (
				8658D2CD2BFA2EBD00F62E53 /* Model */,
				868FA24A2BF8DA99001760C2 /* Component */,
				868FA24C2BF8DA99001760C2 /* StoreDetailViewController.swift */,
			);
			path = StoreDetail;
			sourceTree = "<group>";
		};
		A291B1A02BECD8AE0044CB2B /* Application */ = {
			isa = PBXGroup;
			children = (
				A2AC326A2BECCF9B0010903A /* AppDelegate.swift */,
				A2AC326C2BECCF9B0010903A /* SceneDelegate.swift */,
				A2AC32752BECCF9F0010903A /* LaunchScreen.storyboard */,
				A2AC32782BECCF9F0010903A /* Info.plist */,
			);
			path = Application;
			sourceTree = "<group>";
		};
		A291B1A12BECD8D60044CB2B /* Base */ = {
			isa = PBXGroup;
			children = (
				A291B1AE2BECD9480044CB2B /* BaseModel.swift */,
				A291B1B22BECE5540044CB2B /* BaseTableViewCell.swift */,
				A291B1B42BECE63E0044CB2B /* BaseCollectionViewCell.swift */,
				A291B1B02BECD9500044CB2B /* BaseViewController.swift */,
			);
			path = Base;
			sourceTree = "<group>";
		};
		A291B1A22BECD8DD0044CB2B /* Presentation */ = {
			isa = PBXGroup;
			children = (
				2E37781B2BFB82A50074903A /* Store */,
				868FA24D2BF8DA99001760C2 /* StoreDetail */,
				A29F9CB82BF273EA0030F957 /* TabBarController.swift */,
				A291B1AD2BECD92E0044CB2B /* Friends */,
				2ECB59632BF4E46C00DA4FE9 /* More */,
			);
			path = Presentation;
			sourceTree = "<group>";
		};
		A291B1A32BECD8E90044CB2B /* Extension */ = {
			isa = PBXGroup;
			children = (
				A291B1AB2BECD9280044CB2B /* UIFont+.swift */,
				A2AC82862BED1FF700C5E4D0 /* UIView+.swift */,
				2E2955132BEFB640001BCF22 /* UILabel+.swift */,
				A29F9CBA2BF27E8F0030F957 /* CALayer+.swift */,
				868FA2512BF8DBA4001760C2 /* UIStackView+.swift */,
				A2C24A792BF6877300E0BA5E /* NSObject+.swift */,
			);
			path = Extension;
			sourceTree = "<group>";
		};
		A291B1A42BECD8F10044CB2B /* Util */ = {
			isa = PBXGroup;
			children = (
				A291B1A92BECD9220044CB2B /* Logger.swift */,
				A29FAEDA2BF799A600C56815 /* PaddingLabel.swift */,
				86A417812BFD25230090CFF0 /* CombineString.swift */,
				86A417832BFD29580090CFF0 /* WonFormatter.swift */,
			);
			path = Util;
			sourceTree = "<group>";
		};
		A291B1A52BECD8F80044CB2B /* Resource */ = {
			isa = PBXGroup;
			children = (
				2E8BE8742BEFACA800904B35 /* Font */,
				A2AC32732BECCF9F0010903A /* Assets.xcassets */,
			);
			path = Resource;
			sourceTree = "<group>";
		};
		A291B1A62BECD9030044CB2B /* Network */ = {
			isa = PBXGroup;
			children = (
				A2AC82992BED42D500C5E4D0 /* Common */,
				A2AC82A32BED5ACB00C5E4D0 /* TargetType */,
				A2AC82A02BED5AB300C5E4D0 /* Service */,
			);
			path = Network;
			sourceTree = "<group>";
		};
		A291B1AD2BECD92E0044CB2B /* Friends */ = {
			isa = PBXGroup;
			children = (
				A2D0C7AD2BFBE378008B11A3 /* Model */,
				A2C24A762BF686CF00E0BA5E /* Cell */,
				A2AC326E2BECCF9B0010903A /* FriendsViewController.swift */,
				A29FAED82BF785E700C56815 /* ProfileViewController.swift */,
			);
			path = Friends;
			sourceTree = "<group>";
		};
		A29782502BFD0A1600E50032 /* Recovered References */ = {
			isa = PBXGroup;
			children = (
				2EA8FCC52BFCE2150077CEDC /* Secret.swift */,
			);
			name = "Recovered References";
			sourceTree = "<group>";
		};
		A2AC325E2BECCF9B0010903A = {
			isa = PBXGroup;
			children = (
				A2AC32692BECCF9B0010903A /* Bubble */,
				A2AC32682BECCF9B0010903A /* Products */,
				A29782502BFD0A1600E50032 /* Recovered References */,
			);
			sourceTree = "<group>";
		};
		A2AC32682BECCF9B0010903A /* Products */ = {
			isa = PBXGroup;
			children = (
				A2AC32672BECCF9B0010903A /* Bubble.app */,
			);
			name = Products;
			sourceTree = "<group>";
		};
		A2AC32692BECCF9B0010903A /* Bubble */ = {
			isa = PBXGroup;
			children = (
				A291B1B62BECE78D0044CB2B /* .swiftlint.yml */,
				A291B1A02BECD8AE0044CB2B /* Application */,
				A291B1A12BECD8D60044CB2B /* Base */,
				A291B1A22BECD8DD0044CB2B /* Presentation */,
				A291B1A32BECD8E90044CB2B /* Extension */,
				A291B1A42BECD8F10044CB2B /* Util */,
				A291B1A52BECD8F80044CB2B /* Resource */,
				A291B1A62BECD9030044CB2B /* Network */,
				2ECB595D2BF4E0B100DA4FE9 /* Enum */,
			);
			path = Bubble;
			sourceTree = "<group>";
		};
		A2AC82992BED42D500C5E4D0 /* Common */ = {
			isa = PBXGroup;
			children = (
				A291B1A72BECD9140044CB2B /* NetworkResult.swift */,
				A2AC82A72BED5D0D00C5E4D0 /* MoyaLoggingPlugin.swift */,
				2E1B9AC22BFEE4E50076C331 /* Secret.swift */,
			);
			path = Common;
			sourceTree = "<group>";
		};
		A2AC82A02BED5AB300C5E4D0 /* Service */ = {
			isa = PBXGroup;
			children = (
				A2AC829E2BED5A2600C5E4D0 /* TempService.swift */,
				A2D0C7A92BFBDEA5008B11A3 /* ArtistMembersService.swift */,
				86A4177B2BFD0B4F0090CFF0 /* ArtistsServeice.swift */,
			);
			path = Service;
			sourceTree = "<group>";
		};
		A2AC82A32BED5ACB00C5E4D0 /* TargetType */ = {
			isa = PBXGroup;
			children = (
				A2AC82A12BED5AC000C5E4D0 /* TempTargetType.swift */,
				A2D0C7AB2BFBDECC008B11A3 /* ArtistMembersTargetType.swift */,
				86A4177D2BFD0B6A0090CFF0 /* ArtistsTargetType.swift */,
			);
			path = TargetType;
			sourceTree = "<group>";
		};
		A2C24A762BF686CF00E0BA5E /* Cell */ = {
			isa = PBXGroup;
			children = (
				A2C24A7B2BF730FC00E0BA5E /* FriendsHeaderView.swift */,
				A2C24A772BF686D800E0BA5E /* FriendsTableViewCell.swift */,
				A29FAED42BF74C9500C56815 /* FriendsFooterView.swift */,
			);
			path = Cell;
			sourceTree = "<group>";
		};
		A2D0C7AD2BFBE378008B11A3 /* Model */ = {
			isa = PBXGroup;
			children = (
				862CA92D2BFE526200536E01 /* ArtistListModel.swift */,
				A2D0C7B32BFCCC6C008B11A3 /* ArtistProfileModel.swift */,
			);
			path = Model;
			sourceTree = "<group>";
		};
/* End PBXGroup section */

/* Begin PBXNativeTarget section */
		A2AC32662BECCF9B0010903A /* Bubble */ = {
			isa = PBXNativeTarget;
			buildConfigurationList = A2AC327B2BECCF9F0010903A /* Build configuration list for PBXNativeTarget "Bubble" */;
			buildPhases = (
				A2AC32632BECCF9B0010903A /* Sources */,
				A2AC32642BECCF9B0010903A /* Frameworks */,
				A2AC32652BECCF9B0010903A /* Resources */,
				A2AC327E2BECD25B0010903A /* ShellScript */,
				2E8BE8732BEF358300904B35 /* ShellScript */,
			);
			buildRules = (
			);
			dependencies = (
			);
			name = Bubble;
			packageProductDependencies = (
				A2AC82892BED24CB00C5E4D0 /* SnapKit */,
				A2AC828E2BED24D700C5E4D0 /* Then */,
				A2AC82932BED253900C5E4D0 /* Moya */,
				A2D0C7B12BFC51BD008B11A3 /* Kingfisher */,
			);
			productName = Bubble;
			productReference = A2AC32672BECCF9B0010903A /* Bubble.app */;
			productType = "com.apple.product-type.application";
		};
/* End PBXNativeTarget section */

/* Begin PBXProject section */
		A2AC325F2BECCF9B0010903A /* Project object */ = {
			isa = PBXProject;
			attributes = {
				BuildIndependentTargetsInParallel = 1;
				LastSwiftUpdateCheck = 1500;
				LastUpgradeCheck = 1500;
				TargetAttributes = {
					A2AC32662BECCF9B0010903A = {
						CreatedOnToolsVersion = 15.0;
					};
				};
			};
			buildConfigurationList = A2AC32622BECCF9B0010903A /* Build configuration list for PBXProject "Bubble" */;
			compatibilityVersion = "Xcode 14.0";
			developmentRegion = en;
			hasScannedForEncodings = 0;
			knownRegions = (
				en,
				Base,
			);
			mainGroup = A2AC325E2BECCF9B0010903A;
			packageReferences = (
				A2AC82882BED24CB00C5E4D0 /* XCRemoteSwiftPackageReference "SnapKit" */,
				A2AC828D2BED24D700C5E4D0 /* XCRemoteSwiftPackageReference "Then" */,
				A2AC82902BED253900C5E4D0 /* XCRemoteSwiftPackageReference "Moya" */,
				A2D0C7B02BFC51BD008B11A3 /* XCRemoteSwiftPackageReference "Kingfisher" */,
			);
			productRefGroup = A2AC32682BECCF9B0010903A /* Products */;
			projectDirPath = "";
			projectRoot = "";
			targets = (
				A2AC32662BECCF9B0010903A /* Bubble */,
			);
		};
/* End PBXProject section */

/* Begin PBXResourcesBuildPhase section */
		A2AC32652BECCF9B0010903A /* Resources */ = {
			isa = PBXResourcesBuildPhase;
			buildActionMask = 2147483647;
			files = (
				A291B1B72BECE78D0044CB2B /* .swiftlint.yml in Resources */,
				A2AC32772BECCF9F0010903A /* LaunchScreen.storyboard in Resources */,
				2E2955122BEFB1E1001BCF22 /* AppleSDGothicNeo-Heavy.ttf in Resources */,
				2E2955162BEFBAFF001BCF22 /* AppleSDGothicNeo-ExtraBold.ttf in Resources */,
				A2AC32742BECCF9F0010903A /* Assets.xcassets in Resources */,
			);
			runOnlyForDeploymentPostprocessing = 0;
		};
/* End PBXResourcesBuildPhase section */

/* Begin PBXShellScriptBuildPhase section */
		2E8BE8732BEF358300904B35 /* ShellScript */ = {
			isa = PBXShellScriptBuildPhase;
			buildActionMask = 2147483647;
			files = (
			);
			inputFileListPaths = (
			);
			inputPaths = (
			);
			outputFileListPaths = (
			);
			outputPaths = (
			);
			runOnlyForDeploymentPostprocessing = 0;
			shellPath = /bin/sh;
			shellScript = "if test -d \"/opt/homebrew/bin/\"; then\n  PATH=\"/opt/homebrew/bin/:${PATH}\"\nfi\n\nif test -d \"$HOME/.mint/bin\"; then\n  PATH=\"$HOME/.mint/bin:${PATH}\"\nfi\n\nexport PATH\n\nif which swiftlint >/dev/null; then\n  swiftlint\nelse\n  echo \"warning: SwiftLint not installed, run setup.sh (or download from https://github.com/realm/SwiftLint)\"\nfi\n";
		};
		A2AC327E2BECD25B0010903A /* ShellScript */ = {
			isa = PBXShellScriptBuildPhase;
			buildActionMask = 2147483647;
			files = (
			);
			inputFileListPaths = (
			);
			inputPaths = (
			);
			outputFileListPaths = (
			);
			outputPaths = (
			);
			runOnlyForDeploymentPostprocessing = 0;
			shellPath = /bin/sh;
			shellScript = "if [[ \"$(uname -m)\" == arm64 ]]; then\n    export PATH=\"/opt/homebrew/bin:$PATH\"\nfi\n\nexport PATH\n\nif which swiftlint >/dev/null; then\n  swiftlint\nelse\n  echo \"warning: SwiftLint not installed, download from https://github.com/realm/SwiftLint\"\nfi\n";
		};
/* End PBXShellScriptBuildPhase section */

/* Begin PBXSourcesBuildPhase section */
		A2AC32632BECCF9B0010903A /* Sources */ = {
			isa = PBXSourcesBuildPhase;
			buildActionMask = 2147483647;
			files = (
				A291B1AA2BECD9220044CB2B /* Logger.swift in Sources */,
				2E1B9AC32BFEE4E50076C331 /* Secret.swift in Sources */,
				2EA8FCC92BFCFEC90077CEDC /* StoreStackViewHeight.swift in Sources */,
				A2AC326F2BECCF9B0010903A /* FriendsViewController.swift in Sources */,
				868FA2542BF8EF77001760C2 /* StoreDetailHeaderView.swift in Sources */,
				A291B1AF2BECD9480044CB2B /* BaseModel.swift in Sources */,
				2E1C2A2E2BFC31BB0045E215 /* StoreCellModel.swift in Sources */,
				A2C24A782BF686D800E0BA5E /* FriendsTableViewCell.swift in Sources */,
				A2C24A7A2BF6877300E0BA5E /* NSObject+.swift in Sources */,
				2E1B9AC12BFEE3F60076C331 /* TermsCollectionViewCell.swift in Sources */,
				A2D0C7AC2BFBDECC008B11A3 /* ArtistMembersTargetType.swift in Sources */,
				A2D0C7AA2BFBDEA5008B11A3 /* ArtistMembersService.swift in Sources */,
				2ECB59622BF4E0ED00DA4FE9 /* FontName.swift in Sources */,
				A29FAEDB2BF799A600C56815 /* PaddingLabel.swift in Sources */,
				86A4177C2BFD0B4F0090CFF0 /* ArtistsServeice.swift in Sources */,
				A29F9CB92BF273EA0030F957 /* TabBarController.swift in Sources */,
				868FA25D2BF9093D001760C2 /* StoreDetailPriceListView.swift in Sources */,
				A2AC326B2BECCF9B0010903A /* AppDelegate.swift in Sources */,
				86A417822BFD25230090CFF0 /* CombineString.swift in Sources */,
				2ECB595A2BF4C34700DA4FE9 /* MoreViewController.swift in Sources */,
				A2D0C7B42BFCCC6C008B11A3 /* ArtistProfileModel.swift in Sources */,
				2E37781F2BFB99EE0074903A /* ArtistCollectionViewCell.swift in Sources */,
				862CA92E2BFE526200536E01 /* ArtistListModel.swift in Sources */,
				862CA92C2BFE523100536E01 /* StoreDetailNotice.swift in Sources */,
				A291B1B32BECE5540044CB2B /* BaseTableViewCell.swift in Sources */,
				86A4177E2BFD0B6A0090CFF0 /* ArtistsTargetType.swift in Sources */,
				A291B1B52BECE63E0044CB2B /* BaseCollectionViewCell.swift in Sources */,
				2E2955142BEFB640001BCF22 /* UILabel+.swift in Sources */,
				A2C24A7C2BF730FC00E0BA5E /* FriendsHeaderView.swift in Sources */,
				A29FAED92BF785E700C56815 /* ProfileViewController.swift in Sources */,
				A2AC326D2BECCF9B0010903A /* SceneDelegate.swift in Sources */,
				A29FAED52BF74C9500C56815 /* FriendsFooterView.swift in Sources */,
				862CA92A2BFE522C00536E01 /* StoreDetailModel.swift in Sources */,
				2ECB59672BF4EE4700DA4FE9 /* MoreCellModel.swift in Sources */,
				2ECB595C2BF4C3D100DA4FE9 /* MoreTableVIewCell.swift in Sources */,
				2ECB595F2BF4E0C400DA4FE9 /* FontStyle.swift in Sources */,
				A2AC829F2BED5A2600C5E4D0 /* TempService.swift in Sources */,
				A2AC82A22BED5AC000C5E4D0 /* TempTargetType.swift in Sources */,
				A29F9CBB2BF27E8F0030F957 /* CALayer+.swift in Sources */,
				A291B1B12BECD9500044CB2B /* BaseViewController.swift in Sources */,
				86A417842BFD29580090CFF0 /* WonFormatter.swift in Sources */,
				A29FAED72BF75D7B00C56815 /* NavigationTitleName.swift in Sources */,
				2E37781D2BFB82DA0074903A /* StoreViewController.swift in Sources */,
				A2AC82872BED1FF700C5E4D0 /* UIView+.swift in Sources */,
				8658D2C92BF9B7A400F62E53 /* StoreDetailInformationView.swift in Sources */,
				A291B1AC2BECD9280044CB2B /* UIFont+.swift in Sources */,
				868FA2502BF8DA99001760C2 /* StoreDetailViewController.swift in Sources */,
				A2AC82A82BED5D0D00C5E4D0 /* MoyaLoggingPlugin.swift in Sources */,
				868FA2522BF8DBA4001760C2 /* UIStackView+.swift in Sources */,
				A291B1A82BECD9140044CB2B /* NetworkResult.swift in Sources */,
			);
			runOnlyForDeploymentPostprocessing = 0;
		};
/* End PBXSourcesBuildPhase section */

/* Begin PBXVariantGroup section */
		A2AC32752BECCF9F0010903A /* LaunchScreen.storyboard */ = {
			isa = PBXVariantGroup;
			children = (
				A2AC32762BECCF9F0010903A /* Base */,
			);
			name = LaunchScreen.storyboard;
			sourceTree = "<group>";
		};
/* End PBXVariantGroup section */

/* Begin XCBuildConfiguration section */
		A2AC32792BECCF9F0010903A /* Debug */ = {
			isa = XCBuildConfiguration;
			buildSettings = {
				ALWAYS_SEARCH_USER_PATHS = NO;
				ASSETCATALOG_COMPILER_GENERATE_SWIFT_ASSET_SYMBOL_EXTENSIONS = YES;
				CLANG_ANALYZER_NONNULL = YES;
				CLANG_ANALYZER_NUMBER_OBJECT_CONVERSION = YES_AGGRESSIVE;
				CLANG_CXX_LANGUAGE_STANDARD = "gnu++20";
				CLANG_ENABLE_MODULES = YES;
				CLANG_ENABLE_OBJC_ARC = YES;
				CLANG_ENABLE_OBJC_WEAK = YES;
				CLANG_WARN_BLOCK_CAPTURE_AUTORELEASING = YES;
				CLANG_WARN_BOOL_CONVERSION = YES;
				CLANG_WARN_COMMA = YES;
				CLANG_WARN_CONSTANT_CONVERSION = YES;
				CLANG_WARN_DEPRECATED_OBJC_IMPLEMENTATIONS = YES;
				CLANG_WARN_DIRECT_OBJC_ISA_USAGE = YES_ERROR;
				CLANG_WARN_DOCUMENTATION_COMMENTS = YES;
				CLANG_WARN_EMPTY_BODY = YES;
				CLANG_WARN_ENUM_CONVERSION = YES;
				CLANG_WARN_INFINITE_RECURSION = YES;
				CLANG_WARN_INT_CONVERSION = YES;
				CLANG_WARN_NON_LITERAL_NULL_CONVERSION = YES;
				CLANG_WARN_OBJC_IMPLICIT_RETAIN_SELF = YES;
				CLANG_WARN_OBJC_LITERAL_CONVERSION = YES;
				CLANG_WARN_OBJC_ROOT_CLASS = YES_ERROR;
				CLANG_WARN_QUOTED_INCLUDE_IN_FRAMEWORK_HEADER = YES;
				CLANG_WARN_RANGE_LOOP_ANALYSIS = YES;
				CLANG_WARN_STRICT_PROTOTYPES = YES;
				CLANG_WARN_SUSPICIOUS_MOVE = YES;
				CLANG_WARN_UNGUARDED_AVAILABILITY = YES_AGGRESSIVE;
				CLANG_WARN_UNREACHABLE_CODE = YES;
				CLANG_WARN__DUPLICATE_METHOD_MATCH = YES;
				COPY_PHASE_STRIP = NO;
				DEBUG_INFORMATION_FORMAT = dwarf;
				ENABLE_STRICT_OBJC_MSGSEND = YES;
				ENABLE_TESTABILITY = YES;
				ENABLE_USER_SCRIPT_SANDBOXING = YES;
				GCC_C_LANGUAGE_STANDARD = gnu17;
				GCC_DYNAMIC_NO_PIC = NO;
				GCC_NO_COMMON_BLOCKS = YES;
				GCC_OPTIMIZATION_LEVEL = 0;
				GCC_PREPROCESSOR_DEFINITIONS = (
					"DEBUG=1",
					"$(inherited)",
				);
				GCC_WARN_64_TO_32_BIT_CONVERSION = YES;
				GCC_WARN_ABOUT_RETURN_TYPE = YES_ERROR;
				GCC_WARN_UNDECLARED_SELECTOR = YES;
				GCC_WARN_UNINITIALIZED_AUTOS = YES_AGGRESSIVE;
				GCC_WARN_UNUSED_FUNCTION = YES;
				GCC_WARN_UNUSED_VARIABLE = YES;
				IPHONEOS_DEPLOYMENT_TARGET = 17.0;
				LOCALIZATION_PREFERS_STRING_CATALOGS = YES;
				MTL_ENABLE_DEBUG_INFO = INCLUDE_SOURCE;
				MTL_FAST_MATH = YES;
				ONLY_ACTIVE_ARCH = YES;
				SDKROOT = iphoneos;
				SWIFT_ACTIVE_COMPILATION_CONDITIONS = "DEBUG $(inherited)";
				SWIFT_OPTIMIZATION_LEVEL = "-Onone";
			};
			name = Debug;
		};
		A2AC327A2BECCF9F0010903A /* Release */ = {
			isa = XCBuildConfiguration;
			buildSettings = {
				ALWAYS_SEARCH_USER_PATHS = NO;
				ASSETCATALOG_COMPILER_GENERATE_SWIFT_ASSET_SYMBOL_EXTENSIONS = YES;
				CLANG_ANALYZER_NONNULL = YES;
				CLANG_ANALYZER_NUMBER_OBJECT_CONVERSION = YES_AGGRESSIVE;
				CLANG_CXX_LANGUAGE_STANDARD = "gnu++20";
				CLANG_ENABLE_MODULES = YES;
				CLANG_ENABLE_OBJC_ARC = YES;
				CLANG_ENABLE_OBJC_WEAK = YES;
				CLANG_WARN_BLOCK_CAPTURE_AUTORELEASING = YES;
				CLANG_WARN_BOOL_CONVERSION = YES;
				CLANG_WARN_COMMA = YES;
				CLANG_WARN_CONSTANT_CONVERSION = YES;
				CLANG_WARN_DEPRECATED_OBJC_IMPLEMENTATIONS = YES;
				CLANG_WARN_DIRECT_OBJC_ISA_USAGE = YES_ERROR;
				CLANG_WARN_DOCUMENTATION_COMMENTS = YES;
				CLANG_WARN_EMPTY_BODY = YES;
				CLANG_WARN_ENUM_CONVERSION = YES;
				CLANG_WARN_INFINITE_RECURSION = YES;
				CLANG_WARN_INT_CONVERSION = YES;
				CLANG_WARN_NON_LITERAL_NULL_CONVERSION = YES;
				CLANG_WARN_OBJC_IMPLICIT_RETAIN_SELF = YES;
				CLANG_WARN_OBJC_LITERAL_CONVERSION = YES;
				CLANG_WARN_OBJC_ROOT_CLASS = YES_ERROR;
				CLANG_WARN_QUOTED_INCLUDE_IN_FRAMEWORK_HEADER = YES;
				CLANG_WARN_RANGE_LOOP_ANALYSIS = YES;
				CLANG_WARN_STRICT_PROTOTYPES = YES;
				CLANG_WARN_SUSPICIOUS_MOVE = YES;
				CLANG_WARN_UNGUARDED_AVAILABILITY = YES_AGGRESSIVE;
				CLANG_WARN_UNREACHABLE_CODE = YES;
				CLANG_WARN__DUPLICATE_METHOD_MATCH = YES;
				COPY_PHASE_STRIP = NO;
				DEBUG_INFORMATION_FORMAT = "dwarf-with-dsym";
				ENABLE_NS_ASSERTIONS = NO;
				ENABLE_STRICT_OBJC_MSGSEND = YES;
				ENABLE_USER_SCRIPT_SANDBOXING = YES;
				GCC_C_LANGUAGE_STANDARD = gnu17;
				GCC_NO_COMMON_BLOCKS = YES;
				GCC_WARN_64_TO_32_BIT_CONVERSION = YES;
				GCC_WARN_ABOUT_RETURN_TYPE = YES_ERROR;
				GCC_WARN_UNDECLARED_SELECTOR = YES;
				GCC_WARN_UNINITIALIZED_AUTOS = YES_AGGRESSIVE;
				GCC_WARN_UNUSED_FUNCTION = YES;
				GCC_WARN_UNUSED_VARIABLE = YES;
				IPHONEOS_DEPLOYMENT_TARGET = 17.0;
				LOCALIZATION_PREFERS_STRING_CATALOGS = YES;
				MTL_ENABLE_DEBUG_INFO = NO;
				MTL_FAST_MATH = YES;
				SDKROOT = iphoneos;
				SWIFT_COMPILATION_MODE = wholemodule;
				VALIDATE_PRODUCT = YES;
			};
			name = Release;
		};
		A2AC327C2BECCF9F0010903A /* Debug */ = {
			isa = XCBuildConfiguration;
			buildSettings = {
				ASSETCATALOG_COMPILER_APPICON_NAME = AppIcon;
				ASSETCATALOG_COMPILER_GLOBAL_ACCENT_COLOR_NAME = AccentColor;
				CODE_SIGN_STYLE = Automatic;
				CURRENT_PROJECT_VERSION = 1;
				ENABLE_USER_SCRIPT_SANDBOXING = NO;
				GENERATE_INFOPLIST_FILE = YES;
				INFOPLIST_FILE = Bubble/Application/Info.plist;
				INFOPLIST_KEY_UIApplicationSupportsIndirectInputEvents = YES;
				INFOPLIST_KEY_UILaunchStoryboardName = LaunchScreen;
				INFOPLIST_KEY_UISupportedInterfaceOrientations_iPad = "UIInterfaceOrientationPortrait UIInterfaceOrientationPortraitUpsideDown UIInterfaceOrientationLandscapeLeft UIInterfaceOrientationLandscapeRight";
				INFOPLIST_KEY_UISupportedInterfaceOrientations_iPhone = "UIInterfaceOrientationPortrait UIInterfaceOrientationLandscapeLeft UIInterfaceOrientationLandscapeRight";
				LD_RUNPATH_SEARCH_PATHS = (
					"$(inherited)",
					"@executable_path/Frameworks",
				);
				MARKETING_VERSION = 1.0;
				PRODUCT_BUNDLE_IDENTIFIER = com.team6.Bubble;
				PRODUCT_NAME = "$(TARGET_NAME)";
				SWIFT_EMIT_LOC_STRINGS = YES;
				SWIFT_VERSION = 5.0;
				TARGETED_DEVICE_FAMILY = "1,2";
			};
			name = Debug;
		};
		A2AC327D2BECCF9F0010903A /* Release */ = {
			isa = XCBuildConfiguration;
			buildSettings = {
				ASSETCATALOG_COMPILER_APPICON_NAME = AppIcon;
				ASSETCATALOG_COMPILER_GLOBAL_ACCENT_COLOR_NAME = AccentColor;
				CODE_SIGN_STYLE = Automatic;
				CURRENT_PROJECT_VERSION = 1;
				ENABLE_USER_SCRIPT_SANDBOXING = NO;
				GENERATE_INFOPLIST_FILE = YES;
				INFOPLIST_FILE = Bubble/Application/Info.plist;
				INFOPLIST_KEY_UIApplicationSupportsIndirectInputEvents = YES;
				INFOPLIST_KEY_UILaunchStoryboardName = LaunchScreen;
				INFOPLIST_KEY_UISupportedInterfaceOrientations_iPad = "UIInterfaceOrientationPortrait UIInterfaceOrientationPortraitUpsideDown UIInterfaceOrientationLandscapeLeft UIInterfaceOrientationLandscapeRight";
				INFOPLIST_KEY_UISupportedInterfaceOrientations_iPhone = "UIInterfaceOrientationPortrait UIInterfaceOrientationLandscapeLeft UIInterfaceOrientationLandscapeRight";
				LD_RUNPATH_SEARCH_PATHS = (
					"$(inherited)",
					"@executable_path/Frameworks",
				);
				MARKETING_VERSION = 1.0;
				PRODUCT_BUNDLE_IDENTIFIER = com.team6.Bubble;
				PRODUCT_NAME = "$(TARGET_NAME)";
				SWIFT_EMIT_LOC_STRINGS = YES;
				SWIFT_VERSION = 5.0;
				TARGETED_DEVICE_FAMILY = "1,2";
			};
			name = Release;
		};
/* End XCBuildConfiguration section */

/* Begin XCConfigurationList section */
		A2AC32622BECCF9B0010903A /* Build configuration list for PBXProject "Bubble" */ = {
			isa = XCConfigurationList;
			buildConfigurations = (
				A2AC32792BECCF9F0010903A /* Debug */,
				A2AC327A2BECCF9F0010903A /* Release */,
			);
			defaultConfigurationIsVisible = 0;
			defaultConfigurationName = Release;
		};
		A2AC327B2BECCF9F0010903A /* Build configuration list for PBXNativeTarget "Bubble" */ = {
			isa = XCConfigurationList;
			buildConfigurations = (
				A2AC327C2BECCF9F0010903A /* Debug */,
				A2AC327D2BECCF9F0010903A /* Release */,
			);
			defaultConfigurationIsVisible = 0;
			defaultConfigurationName = Release;
		};
/* End XCConfigurationList section */

/* Begin XCRemoteSwiftPackageReference section */
		A2AC82882BED24CB00C5E4D0 /* XCRemoteSwiftPackageReference "SnapKit" */ = {
			isa = XCRemoteSwiftPackageReference;
			repositoryURL = "https://github.com/SnapKit/SnapKit";
			requirement = {
				kind = upToNextMajorVersion;
				minimumVersion = 5.7.1;
			};
		};
		A2AC828D2BED24D700C5E4D0 /* XCRemoteSwiftPackageReference "Then" */ = {
			isa = XCRemoteSwiftPackageReference;
			repositoryURL = "https://github.com/devxoul/Then";
			requirement = {
				kind = upToNextMajorVersion;
				minimumVersion = 3.0.0;
			};
		};
		A2AC82902BED253900C5E4D0 /* XCRemoteSwiftPackageReference "Moya" */ = {
			isa = XCRemoteSwiftPackageReference;
			repositoryURL = "https://github.com/Moya/Moya";
			requirement = {
				kind = upToNextMajorVersion;
				minimumVersion = 15.0.3;
			};
		};
		A2D0C7B02BFC51BD008B11A3 /* XCRemoteSwiftPackageReference "Kingfisher" */ = {
			isa = XCRemoteSwiftPackageReference;
			repositoryURL = "https://github.com/onevcat/Kingfisher";
			requirement = {
				kind = upToNextMajorVersion;
				minimumVersion = 7.11.0;
			};
		};
/* End XCRemoteSwiftPackageReference section */

/* Begin XCSwiftPackageProductDependency section */
		A2AC82892BED24CB00C5E4D0 /* SnapKit */ = {
			isa = XCSwiftPackageProductDependency;
			package = A2AC82882BED24CB00C5E4D0 /* XCRemoteSwiftPackageReference "SnapKit" */;
			productName = SnapKit;
		};
		A2AC828E2BED24D700C5E4D0 /* Then */ = {
			isa = XCSwiftPackageProductDependency;
			package = A2AC828D2BED24D700C5E4D0 /* XCRemoteSwiftPackageReference "Then" */;
			productName = Then;
		};
		A2AC82932BED253900C5E4D0 /* Moya */ = {
			isa = XCSwiftPackageProductDependency;
			package = A2AC82902BED253900C5E4D0 /* XCRemoteSwiftPackageReference "Moya" */;
			productName = Moya;
		};
		A2D0C7B12BFC51BD008B11A3 /* Kingfisher */ = {
			isa = XCSwiftPackageProductDependency;
			package = A2D0C7B02BFC51BD008B11A3 /* XCRemoteSwiftPackageReference "Kingfisher" */;
			productName = Kingfisher;
		};
/* End XCSwiftPackageProductDependency section */
	};
	rootObject = A2AC325F2BECCF9B0010903A /* Project object */;
}
