// !$*UTF8*$!
{
	archiveVersion = 1;
	classes = {
	};
	objectVersion = 56;
	objects = {

/* Begin PBXBuildFile section */
		A291B1A82BECD9140044CB2B /* NetworkResult.swift in Sources */ = {isa = PBXBuildFile; fileRef = A291B1A72BECD9140044CB2B /* NetworkResult.swift */; };
		A291B1AA2BECD9220044CB2B /* Logger.swift in Sources */ = {isa = PBXBuildFile; fileRef = A291B1A92BECD9220044CB2B /* Logger.swift */; };
		A291B1AC2BECD9280044CB2B /* UIFont+.swift in Sources */ = {isa = PBXBuildFile; fileRef = A291B1AB2BECD9280044CB2B /* UIFont+.swift */; };
		A291B1AF2BECD9480044CB2B /* BaseModel.swift in Sources */ = {isa = PBXBuildFile; fileRef = A291B1AE2BECD9480044CB2B /* BaseModel.swift */; };
		A291B1B12BECD9500044CB2B /* BaseViewController.swift in Sources */ = {isa = PBXBuildFile; fileRef = A291B1B02BECD9500044CB2B /* BaseViewController.swift */; };
		A291B1B32BECE5540044CB2B /* BaseTableViewCell.swift in Sources */ = {isa = PBXBuildFile; fileRef = A291B1B22BECE5540044CB2B /* BaseTableViewCell.swift */; };
		A291B1B52BECE63E0044CB2B /* BaseCollectionViewCell.swift in Sources */ = {isa = PBXBuildFile; fileRef = A291B1B42BECE63E0044CB2B /* BaseCollectionViewCell.swift */; };
		A291B1B72BECE78D0044CB2B /* .swiftlint.yml in Resources */ = {isa = PBXBuildFile; fileRef = A291B1B62BECE78D0044CB2B /* .swiftlint.yml */; };
		A2AC326B2BECCF9B0010903A /* AppDelegate.swift in Sources */ = {isa = PBXBuildFile; fileRef = A2AC326A2BECCF9B0010903A /* AppDelegate.swift */; };
		A2AC326D2BECCF9B0010903A /* SceneDelegate.swift in Sources */ = {isa = PBXBuildFile; fileRef = A2AC326C2BECCF9B0010903A /* SceneDelegate.swift */; };
		A2AC326F2BECCF9B0010903A /* HomeViewController.swift in Sources */ = {isa = PBXBuildFile; fileRef = A2AC326E2BECCF9B0010903A /* HomeViewController.swift */; };
		A2AC32742BECCF9F0010903A /* Assets.xcassets in Resources */ = {isa = PBXBuildFile; fileRef = A2AC32732BECCF9F0010903A /* Assets.xcassets */; };
		A2AC32772BECCF9F0010903A /* LaunchScreen.storyboard in Resources */ = {isa = PBXBuildFile; fileRef = A2AC32752BECCF9F0010903A /* LaunchScreen.storyboard */; };
		A2AC82872BED1FF700C5E4D0 /* UIView+.swift in Sources */ = {isa = PBXBuildFile; fileRef = A2AC82862BED1FF700C5E4D0 /* UIView+.swift */; };
		A2AC828A2BED24CB00C5E4D0 /* SnapKit in Frameworks */ = {isa = PBXBuildFile; productRef = A2AC82892BED24CB00C5E4D0 /* SnapKit */; };
		A2AC828F2BED24D700C5E4D0 /* Then in Frameworks */ = {isa = PBXBuildFile; productRef = A2AC828E2BED24D700C5E4D0 /* Then */; };
		A2AC82942BED253900C5E4D0 /* Moya in Frameworks */ = {isa = PBXBuildFile; productRef = A2AC82932BED253900C5E4D0 /* Moya */; };
		A2AC829D2BED591600C5E4D0 /* Secret.swift in Sources */ = {isa = PBXBuildFile; fileRef = A2AC829C2BED591600C5E4D0 /* Secret.swift */; };
		A2AC829F2BED5A2600C5E4D0 /* TempService.swift in Sources */ = {isa = PBXBuildFile; fileRef = A2AC829E2BED5A2600C5E4D0 /* TempService.swift */; };
		A2AC82A22BED5AC000C5E4D0 /* TempTargetType.swift in Sources */ = {isa = PBXBuildFile; fileRef = A2AC82A12BED5AC000C5E4D0 /* TempTargetType.swift */; };
		A2AC82A62BED5AE600C5E4D0 /* TempModel.swift in Sources */ = {isa = PBXBuildFile; fileRef = A2AC82A52BED5AE600C5E4D0 /* TempModel.swift */; };
		A2AC82A82BED5D0D00C5E4D0 /* MoyaLoggingPlugin.swift in Sources */ = {isa = PBXBuildFile; fileRef = A2AC82A72BED5D0D00C5E4D0 /* MoyaLoggingPlugin.swift */; };
/* End PBXBuildFile section */

/* Begin PBXFileReference section */
		A291B1A72BECD9140044CB2B /* NetworkResult.swift */ = {isa = PBXFileReference; lastKnownFileType = sourcecode.swift; path = NetworkResult.swift; sourceTree = "<group>"; };
		A291B1A92BECD9220044CB2B /* Logger.swift */ = {isa = PBXFileReference; lastKnownFileType = sourcecode.swift; path = Logger.swift; sourceTree = "<group>"; };
		A291B1AB2BECD9280044CB2B /* UIFont+.swift */ = {isa = PBXFileReference; lastKnownFileType = sourcecode.swift; path = "UIFont+.swift"; sourceTree = "<group>"; };
		A291B1AE2BECD9480044CB2B /* BaseModel.swift */ = {isa = PBXFileReference; lastKnownFileType = sourcecode.swift; path = BaseModel.swift; sourceTree = "<group>"; };
		A291B1B02BECD9500044CB2B /* BaseViewController.swift */ = {isa = PBXFileReference; lastKnownFileType = sourcecode.swift; path = BaseViewController.swift; sourceTree = "<group>"; };
		A291B1B22BECE5540044CB2B /* BaseTableViewCell.swift */ = {isa = PBXFileReference; lastKnownFileType = sourcecode.swift; path = BaseTableViewCell.swift; sourceTree = "<group>"; };
		A291B1B42BECE63E0044CB2B /* BaseCollectionViewCell.swift */ = {isa = PBXFileReference; lastKnownFileType = sourcecode.swift; path = BaseCollectionViewCell.swift; sourceTree = "<group>"; };
		A291B1B62BECE78D0044CB2B /* .swiftlint.yml */ = {isa = PBXFileReference; lastKnownFileType = text.yaml; path = .swiftlint.yml; sourceTree = "<group>"; };
		A2AC32672BECCF9B0010903A /* Bubble.app */ = {isa = PBXFileReference; explicitFileType = wrapper.application; includeInIndex = 0; path = Bubble.app; sourceTree = BUILT_PRODUCTS_DIR; };
		A2AC326A2BECCF9B0010903A /* AppDelegate.swift */ = {isa = PBXFileReference; lastKnownFileType = sourcecode.swift; path = AppDelegate.swift; sourceTree = "<group>"; };
		A2AC326C2BECCF9B0010903A /* SceneDelegate.swift */ = {isa = PBXFileReference; lastKnownFileType = sourcecode.swift; path = SceneDelegate.swift; sourceTree = "<group>"; };
		A2AC326E2BECCF9B0010903A /* HomeViewController.swift */ = {isa = PBXFileReference; lastKnownFileType = sourcecode.swift; path = HomeViewController.swift; sourceTree = "<group>"; };
		A2AC32732BECCF9F0010903A /* Assets.xcassets */ = {isa = PBXFileReference; lastKnownFileType = folder.assetcatalog; path = Assets.xcassets; sourceTree = "<group>"; };
		A2AC32762BECCF9F0010903A /* Base */ = {isa = PBXFileReference; lastKnownFileType = file.storyboard; name = Base; path = Base.lproj/LaunchScreen.storyboard; sourceTree = "<group>"; };
		A2AC32782BECCF9F0010903A /* Info.plist */ = {isa = PBXFileReference; lastKnownFileType = text.plist.xml; path = Info.plist; sourceTree = "<group>"; };
		A2AC82862BED1FF700C5E4D0 /* UIView+.swift */ = {isa = PBXFileReference; lastKnownFileType = sourcecode.swift; path = "UIView+.swift"; sourceTree = "<group>"; };
		A2AC829C2BED591600C5E4D0 /* Secret.swift */ = {isa = PBXFileReference; lastKnownFileType = sourcecode.swift; path = Secret.swift; sourceTree = "<group>"; };
		A2AC829E2BED5A2600C5E4D0 /* TempService.swift */ = {isa = PBXFileReference; lastKnownFileType = sourcecode.swift; path = TempService.swift; sourceTree = "<group>"; };
		A2AC82A12BED5AC000C5E4D0 /* TempTargetType.swift */ = {isa = PBXFileReference; lastKnownFileType = sourcecode.swift; path = TempTargetType.swift; sourceTree = "<group>"; };
		A2AC82A52BED5AE600C5E4D0 /* TempModel.swift */ = {isa = PBXFileReference; lastKnownFileType = sourcecode.swift; path = TempModel.swift; sourceTree = "<group>"; };
		A2AC82A72BED5D0D00C5E4D0 /* MoyaLoggingPlugin.swift */ = {isa = PBXFileReference; lastKnownFileType = sourcecode.swift; path = MoyaLoggingPlugin.swift; sourceTree = "<group>"; };
		A2AC82AA2BED5F2B00C5E4D0 /* OSLog.framework */ = {isa = PBXFileReference; lastKnownFileType = wrapper.framework; name = OSLog.framework; path = System/Library/Frameworks/OSLog.framework; sourceTree = SDKROOT; };
/* End PBXFileReference section */

/* Begin PBXFrameworksBuildPhase section */
		A2AC32642BECCF9B0010903A /* Frameworks */ = {
			isa = PBXFrameworksBuildPhase;
			buildActionMask = 2147483647;
			files = (
				A2AC828A2BED24CB00C5E4D0 /* SnapKit in Frameworks */,
				A2AC828F2BED24D700C5E4D0 /* Then in Frameworks */,
				A2AC82942BED253900C5E4D0 /* Moya in Frameworks */,
			);
			runOnlyForDeploymentPostprocessing = 0;
		};
/* End PBXFrameworksBuildPhase section */

/* Begin PBXGroup section */
		A291B1A02BECD8AE0044CB2B /* Application */ = {
			isa = PBXGroup;
			children = (
				A2AC326A2BECCF9B0010903A /* AppDelegate.swift */,
				A2AC326C2BECCF9B0010903A /* SceneDelegate.swift */,
				A2AC32752BECCF9F0010903A /* LaunchScreen.storyboard */,
				A2AC32782BECCF9F0010903A /* Info.plist */,
			);
			path = Application;
			sourceTree = "<group>";
		};
		A291B1A12BECD8D60044CB2B /* Base */ = {
			isa = PBXGroup;
			children = (
				A291B1AE2BECD9480044CB2B /* BaseModel.swift */,
				A291B1B22BECE5540044CB2B /* BaseTableViewCell.swift */,
				A291B1B42BECE63E0044CB2B /* BaseCollectionViewCell.swift */,
				A291B1B02BECD9500044CB2B /* BaseViewController.swift */,
			);
			path = Base;
			sourceTree = "<group>";
		};
		A291B1A22BECD8DD0044CB2B /* Presentation */ = {
			isa = PBXGroup;
			children = (
				A291B1AD2BECD92E0044CB2B /* Home */,
			);
			path = Presentation;
			sourceTree = "<group>";
		};
		A291B1A32BECD8E90044CB2B /* Extension */ = {
			isa = PBXGroup;
			children = (
				A291B1AB2BECD9280044CB2B /* UIFont+.swift */,
				A2AC82862BED1FF700C5E4D0 /* UIView+.swift */,
			);
			path = Extension;
			sourceTree = "<group>";
		};
		A291B1A42BECD8F10044CB2B /* Util */ = {
			isa = PBXGroup;
			children = (
				A291B1A92BECD9220044CB2B /* Logger.swift */,
			);
			path = Util;
			sourceTree = "<group>";
		};
		A291B1A52BECD8F80044CB2B /* Resource */ = {
			isa = PBXGroup;
			children = (
				A2AC32732BECCF9F0010903A /* Assets.xcassets */,
			);
			path = Resource;
			sourceTree = "<group>";
		};
		A291B1A62BECD9030044CB2B /* Network */ = {
			isa = PBXGroup;
			children = (
				A2AC82992BED42D500C5E4D0 /* Common */,
				A2AC82A42BED5AD600C5E4D0 /* Model */,
				A2AC82A32BED5ACB00C5E4D0 /* TargetType */,
				A2AC82A02BED5AB300C5E4D0 /* Service */,
			);
			path = Network;
			sourceTree = "<group>";
		};
		A291B1AD2BECD92E0044CB2B /* Home */ = {
			isa = PBXGroup;
			children = (
				A2AC326E2BECCF9B0010903A /* HomeViewController.swift */,
			);
			path = Home;
			sourceTree = "<group>";
		};
		A2AC325E2BECCF9B0010903A = {
			isa = PBXGroup;
			children = (
				A2AC32692BECCF9B0010903A /* Bubble */,
				A2AC32682BECCF9B0010903A /* Products */,
				A2AC82A92BED5F2B00C5E4D0 /* Frameworks */,
			);
			sourceTree = "<group>";
		};
		A2AC32682BECCF9B0010903A /* Products */ = {
			isa = PBXGroup;
			children = (
				A2AC32672BECCF9B0010903A /* Bubble.app */,
			);
			name = Products;
			sourceTree = "<group>";
		};
		A2AC32692BECCF9B0010903A /* Bubble */ = {
			isa = PBXGroup;
			children = (
				A291B1B62BECE78D0044CB2B /* .swiftlint.yml */,
				A291B1A02BECD8AE0044CB2B /* Application */,
				A291B1A12BECD8D60044CB2B /* Base */,
				A291B1A22BECD8DD0044CB2B /* Presentation */,
				A291B1A32BECD8E90044CB2B /* Extension */,
				A291B1A42BECD8F10044CB2B /* Util */,
				A291B1A52BECD8F80044CB2B /* Resource */,
				A291B1A62BECD9030044CB2B /* Network */,
			);
			path = Bubble;
			sourceTree = "<group>";
		};
		A2AC82992BED42D500C5E4D0 /* Common */ = {
			isa = PBXGroup;
			children = (
				A2AC829C2BED591600C5E4D0 /* Secret.swift */,
				A291B1A72BECD9140044CB2B /* NetworkResult.swift */,
				A2AC82A72BED5D0D00C5E4D0 /* MoyaLoggingPlugin.swift */,
			);
			path = Common;
			sourceTree = "<group>";
		};
		A2AC82A02BED5AB300C5E4D0 /* Service */ = {
			isa = PBXGroup;
			children = (
				A2AC829E2BED5A2600C5E4D0 /* TempService.swift */,
			);
			path = Service;
			sourceTree = "<group>";
		};
		A2AC82A32BED5ACB00C5E4D0 /* TargetType */ = {
			isa = PBXGroup;
			children = (
				A2AC82A12BED5AC000C5E4D0 /* TempTargetType.swift */,
			);
			path = TargetType;
			sourceTree = "<group>";
		};
		A2AC82A42BED5AD600C5E4D0 /* Model */ = {
			isa = PBXGroup;
			children = (
				A2AC82A52BED5AE600C5E4D0 /* TempModel.swift */,
			);
			path = Model;
			sourceTree = "<group>";
		};
		A2AC82A92BED5F2B00C5E4D0 /* Frameworks */ = {
			isa = PBXGroup;
			children = (
				A2AC82AA2BED5F2B00C5E4D0 /* OSLog.framework */,
			);
			name = Frameworks;
			sourceTree = "<group>";
		};
/* End PBXGroup section */

/* Begin PBXNativeTarget section */
		A2AC32662BECCF9B0010903A /* Bubble */ = {
			isa = PBXNativeTarget;
			buildConfigurationList = A2AC327B2BECCF9F0010903A /* Build configuration list for PBXNativeTarget "Bubble" */;
			buildPhases = (
				A2AC32632BECCF9B0010903A /* Sources */,
				A2AC32642BECCF9B0010903A /* Frameworks */,
				A2AC32652BECCF9B0010903A /* Resources */,
				A2AC327E2BECD25B0010903A /* ShellScript */,
			);
			buildRules = (
			);
			dependencies = (
			);
			name = Bubble;
			packageProductDependencies = (
				A2AC82892BED24CB00C5E4D0 /* SnapKit */,
				A2AC828E2BED24D700C5E4D0 /* Then */,
				A2AC82932BED253900C5E4D0 /* Moya */,
			);
			productName = Bubble;
			productReference = A2AC32672BECCF9B0010903A /* Bubble.app */;
			productType = "com.apple.product-type.application";
		};
/* End PBXNativeTarget section */

/* Begin PBXProject section */
		A2AC325F2BECCF9B0010903A /* Project object */ = {
			isa = PBXProject;
			attributes = {
				BuildIndependentTargetsInParallel = 1;
				LastSwiftUpdateCheck = 1500;
				LastUpgradeCheck = 1500;
				TargetAttributes = {
					A2AC32662BECCF9B0010903A = {
						CreatedOnToolsVersion = 15.0;
					};
				};
			};
			buildConfigurationList = A2AC32622BECCF9B0010903A /* Build configuration list for PBXProject "Bubble" */;
			compatibilityVersion = "Xcode 14.0";
			developmentRegion = en;
			hasScannedForEncodings = 0;
			knownRegions = (
				en,
				Base,
			);
			mainGroup = A2AC325E2BECCF9B0010903A;
			packageReferences = (
				A2AC82882BED24CB00C5E4D0 /* XCRemoteSwiftPackageReference "SnapKit" */,
				A2AC828D2BED24D700C5E4D0 /* XCRemoteSwiftPackageReference "Then" */,
				A2AC82902BED253900C5E4D0 /* XCRemoteSwiftPackageReference "Moya" */,
			);
			productRefGroup = A2AC32682BECCF9B0010903A /* Products */;
			projectDirPath = "";
			projectRoot = "";
			targets = (
				A2AC32662BECCF9B0010903A /* Bubble */,
			);
		};
/* End PBXProject section */

/* Begin PBXResourcesBuildPhase section */
		A2AC32652BECCF9B0010903A /* Resources */ = {
			isa = PBXResourcesBuildPhase;
			buildActionMask = 2147483647;
			files = (
				A291B1B72BECE78D0044CB2B /* .swiftlint.yml in Resources */,
				A2AC32772BECCF9F0010903A /* LaunchScreen.storyboard in Resources */,
				A2AC32742BECCF9F0010903A /* Assets.xcassets in Resources */,
			);
			runOnlyForDeploymentPostprocessing = 0;
		};
/* End PBXResourcesBuildPhase section */

/* Begin PBXShellScriptBuildPhase section */
		A2AC327E2BECD25B0010903A /* ShellScript */ = {
			isa = PBXShellScriptBuildPhase;
			buildActionMask = 2147483647;
			files = (
			);
			inputFileListPaths = (
			);
			inputPaths = (
			);
			outputFileListPaths = (
			);
			outputPaths = (
			);
			runOnlyForDeploymentPostprocessing = 0;
			shellPath = /bin/sh;
			shellScript = "if [[ \"$(uname -m)\" == arm64 ]]; then\n    export PATH=\"/opt/homebrew/bin:$PATH\"\nfi\n\nexport PATH\n\nif which swiftlint >/dev/null; then\n  swiftlint\nelse\n  echo \"warning: SwiftLint not installed, download from https://github.com/realm/SwiftLint\"\nfi\n";
		};
/* End PBXShellScriptBuildPhase section */

/* Begin PBXSourcesBuildPhase section */
		A2AC32632BECCF9B0010903A /* Sources */ = {
			isa = PBXSourcesBuildPhase;
			buildActionMask = 2147483647;
			files = (
				A291B1AA2BECD9220044CB2B /* Logger.swift in Sources */,
				A2AC326F2BECCF9B0010903A /* HomeViewController.swift in Sources */,
				A291B1AF2BECD9480044CB2B /* BaseModel.swift in Sources */,
				A2AC326B2BECCF9B0010903A /* AppDelegate.swift in Sources */,
				A291B1B32BECE5540044CB2B /* BaseTableViewCell.swift in Sources */,
				A291B1B52BECE63E0044CB2B /* BaseCollectionViewCell.swift in Sources */,
				A2AC82A62BED5AE600C5E4D0 /* TempModel.swift in Sources */,
				A2AC326D2BECCF9B0010903A /* SceneDelegate.swift in Sources */,
				A2AC829F2BED5A2600C5E4D0 /* TempService.swift in Sources */,
				A2AC82A22BED5AC000C5E4D0 /* TempTargetType.swift in Sources */,
				A291B1B12BECD9500044CB2B /* BaseViewController.swift in Sources */,
				A2AC829D2BED591600C5E4D0 /* Secret.swift in Sources */,
				A2AC82872BED1FF700C5E4D0 /* UIView+.swift in Sources */,
				A291B1AC2BECD9280044CB2B /* UIFont+.swift in Sources */,
				A2AC82A82BED5D0D00C5E4D0 /* MoyaLoggingPlugin.swift in Sources */,
				A291B1A82BECD9140044CB2B /* NetworkResult.swift in Sources */,
			);
			runOnlyForDeploymentPostprocessing = 0;
		};
/* End PBXSourcesBuildPhase section */

/* Begin PBXVariantGroup section */
		A2AC32752BECCF9F0010903A /* LaunchScreen.storyboard */ = {
			isa = PBXVariantGroup;
			children = (
				A2AC32762BECCF9F0010903A /* Base */,
			);
			name = LaunchScreen.storyboard;
			sourceTree = "<group>";
		};
/* End PBXVariantGroup section */

/* Begin XCBuildConfiguration section */
		A2AC32792BECCF9F0010903A /* Debug */ = {
			isa = XCBuildConfiguration;
			buildSettings = {
				ALWAYS_SEARCH_USER_PATHS = NO;
				ASSETCATALOG_COMPILER_GENERATE_SWIFT_ASSET_SYMBOL_EXTENSIONS = YES;
				CLANG_ANALYZER_NONNULL = YES;
				CLANG_ANALYZER_NUMBER_OBJECT_CONVERSION = YES_AGGRESSIVE;
				CLANG_CXX_LANGUAGE_STANDARD = "gnu++20";
				CLANG_ENABLE_MODULES = YES;
				CLANG_ENABLE_OBJC_ARC = YES;
				CLANG_ENABLE_OBJC_WEAK = YES;
				CLANG_WARN_BLOCK_CAPTURE_AUTORELEASING = YES;
				CLANG_WARN_BOOL_CONVERSION = YES;
				CLANG_WARN_COMMA = YES;
				CLANG_WARN_CONSTANT_CONVERSION = YES;
				CLANG_WARN_DEPRECATED_OBJC_IMPLEMENTATIONS = YES;
				CLANG_WARN_DIRECT_OBJC_ISA_USAGE = YES_ERROR;
				CLANG_WARN_DOCUMENTATION_COMMENTS = YES;
				CLANG_WARN_EMPTY_BODY = YES;
				CLANG_WARN_ENUM_CONVERSION = YES;
				CLANG_WARN_INFINITE_RECURSION = YES;
				CLANG_WARN_INT_CONVERSION = YES;
				CLANG_WARN_NON_LITERAL_NULL_CONVERSION = YES;
				CLANG_WARN_OBJC_IMPLICIT_RETAIN_SELF = YES;
				CLANG_WARN_OBJC_LITERAL_CONVERSION = YES;
				CLANG_WARN_OBJC_ROOT_CLASS = YES_ERROR;
				CLANG_WARN_QUOTED_INCLUDE_IN_FRAMEWORK_HEADER = YES;
				CLANG_WARN_RANGE_LOOP_ANALYSIS = YES;
				CLANG_WARN_STRICT_PROTOTYPES = YES;
				CLANG_WARN_SUSPICIOUS_MOVE = YES;
				CLANG_WARN_UNGUARDED_AVAILABILITY = YES_AGGRESSIVE;
				CLANG_WARN_UNREACHABLE_CODE = YES;
				CLANG_WARN__DUPLICATE_METHOD_MATCH = YES;
				COPY_PHASE_STRIP = NO;
				DEBUG_INFORMATION_FORMAT = dwarf;
				ENABLE_STRICT_OBJC_MSGSEND = YES;
				ENABLE_TESTABILITY = YES;
				ENABLE_USER_SCRIPT_SANDBOXING = YES;
				GCC_C_LANGUAGE_STANDARD = gnu17;
				GCC_DYNAMIC_NO_PIC = NO;
				GCC_NO_COMMON_BLOCKS = YES;
				GCC_OPTIMIZATION_LEVEL = 0;
				GCC_PREPROCESSOR_DEFINITIONS = (
					"DEBUG=1",
					"$(inherited)",
				);
				GCC_WARN_64_TO_32_BIT_CONVERSION = YES;
				GCC_WARN_ABOUT_RETURN_TYPE = YES_ERROR;
				GCC_WARN_UNDECLARED_SELECTOR = YES;
				GCC_WARN_UNINITIALIZED_AUTOS = YES_AGGRESSIVE;
				GCC_WARN_UNUSED_FUNCTION = YES;
				GCC_WARN_UNUSED_VARIABLE = YES;
				IPHONEOS_DEPLOYMENT_TARGET = 17.0;
				LOCALIZATION_PREFERS_STRING_CATALOGS = YES;
				MTL_ENABLE_DEBUG_INFO = INCLUDE_SOURCE;
				MTL_FAST_MATH = YES;
				ONLY_ACTIVE_ARCH = YES;
				SDKROOT = iphoneos;
				SWIFT_ACTIVE_COMPILATION_CONDITIONS = "DEBUG $(inherited)";
				SWIFT_OPTIMIZATION_LEVEL = "-Onone";
			};
			name = Debug;
		};
		A2AC327A2BECCF9F0010903A /* Release */ = {
			isa = XCBuildConfiguration;
			buildSettings = {
				ALWAYS_SEARCH_USER_PATHS = NO;
				ASSETCATALOG_COMPILER_GENERATE_SWIFT_ASSET_SYMBOL_EXTENSIONS = YES;
				CLANG_ANALYZER_NONNULL = YES;
				CLANG_ANALYZER_NUMBER_OBJECT_CONVERSION = YES_AGGRESSIVE;
				CLANG_CXX_LANGUAGE_STANDARD = "gnu++20";
				CLANG_ENABLE_MODULES = YES;
				CLANG_ENABLE_OBJC_ARC = YES;
				CLANG_ENABLE_OBJC_WEAK = YES;
				CLANG_WARN_BLOCK_CAPTURE_AUTORELEASING = YES;
				CLANG_WARN_BOOL_CONVERSION = YES;
				CLANG_WARN_COMMA = YES;
				CLANG_WARN_CONSTANT_CONVERSION = YES;
				CLANG_WARN_DEPRECATED_OBJC_IMPLEMENTATIONS = YES;
				CLANG_WARN_DIRECT_OBJC_ISA_USAGE = YES_ERROR;
				CLANG_WARN_DOCUMENTATION_COMMENTS = YES;
				CLANG_WARN_EMPTY_BODY = YES;
				CLANG_WARN_ENUM_CONVERSION = YES;
				CLANG_WARN_INFINITE_RECURSION = YES;
				CLANG_WARN_INT_CONVERSION = YES;
				CLANG_WARN_NON_LITERAL_NULL_CONVERSION = YES;
				CLANG_WARN_OBJC_IMPLICIT_RETAIN_SELF = YES;
				CLANG_WARN_OBJC_LITERAL_CONVERSION = YES;
				CLANG_WARN_OBJC_ROOT_CLASS = YES_ERROR;
				CLANG_WARN_QUOTED_INCLUDE_IN_FRAMEWORK_HEADER = YES;
				CLANG_WARN_RANGE_LOOP_ANALYSIS = YES;
				CLANG_WARN_STRICT_PROTOTYPES = YES;
				CLANG_WARN_SUSPICIOUS_MOVE = YES;
				CLANG_WARN_UNGUARDED_AVAILABILITY = YES_AGGRESSIVE;
				CLANG_WARN_UNREACHABLE_CODE = YES;
				CLANG_WARN__DUPLICATE_METHOD_MATCH = YES;
				COPY_PHASE_STRIP = NO;
				DEBUG_INFORMATION_FORMAT = "dwarf-with-dsym";
				ENABLE_NS_ASSERTIONS = NO;
				ENABLE_STRICT_OBJC_MSGSEND = YES;
				ENABLE_USER_SCRIPT_SANDBOXING = YES;
				GCC_C_LANGUAGE_STANDARD = gnu17;
				GCC_NO_COMMON_BLOCKS = YES;
				GCC_WARN_64_TO_32_BIT_CONVERSION = YES;
				GCC_WARN_ABOUT_RETURN_TYPE = YES_ERROR;
				GCC_WARN_UNDECLARED_SELECTOR = YES;
				GCC_WARN_UNINITIALIZED_AUTOS = YES_AGGRESSIVE;
				GCC_WARN_UNUSED_FUNCTION = YES;
				GCC_WARN_UNUSED_VARIABLE = YES;
				IPHONEOS_DEPLOYMENT_TARGET = 17.0;
				LOCALIZATION_PREFERS_STRING_CATALOGS = YES;
				MTL_ENABLE_DEBUG_INFO = NO;
				MTL_FAST_MATH = YES;
				SDKROOT = iphoneos;
				SWIFT_COMPILATION_MODE = wholemodule;
				VALIDATE_PRODUCT = YES;
			};
			name = Release;
		};
		A2AC327C2BECCF9F0010903A /* Debug */ = {
			isa = XCBuildConfiguration;
			buildSettings = {
				ASSETCATALOG_COMPILER_APPICON_NAME = AppIcon;
				ASSETCATALOG_COMPILER_GLOBAL_ACCENT_COLOR_NAME = AccentColor;
				CODE_SIGN_STYLE = Automatic;
				CURRENT_PROJECT_VERSION = 1;
				ENABLE_USER_SCRIPT_SANDBOXING = NO;
				GENERATE_INFOPLIST_FILE = YES;
				INFOPLIST_FILE = Bubble/Application/Info.plist;
				INFOPLIST_KEY_UIApplicationSupportsIndirectInputEvents = YES;
				INFOPLIST_KEY_UILaunchStoryboardName = LaunchScreen;
				INFOPLIST_KEY_UISupportedInterfaceOrientations_iPad = "UIInterfaceOrientationPortrait UIInterfaceOrientationPortraitUpsideDown UIInterfaceOrientationLandscapeLeft UIInterfaceOrientationLandscapeRight";
				INFOPLIST_KEY_UISupportedInterfaceOrientations_iPhone = "UIInterfaceOrientationPortrait UIInterfaceOrientationLandscapeLeft UIInterfaceOrientationLandscapeRight";
				LD_RUNPATH_SEARCH_PATHS = (
					"$(inherited)",
					"@executable_path/Frameworks",
				);
				MARKETING_VERSION = 1.0;
				PRODUCT_BUNDLE_IDENTIFIER = com.team6.Bubble;
				PRODUCT_NAME = "$(TARGET_NAME)";
				SWIFT_EMIT_LOC_STRINGS = YES;
				SWIFT_VERSION = 5.0;
				TARGETED_DEVICE_FAMILY = "1,2";
			};
			name = Debug;
		};
		A2AC327D2BECCF9F0010903A /* Release */ = {
			isa = XCBuildConfiguration;
			buildSettings = {
				ASSETCATALOG_COMPILER_APPICON_NAME = AppIcon;
				ASSETCATALOG_COMPILER_GLOBAL_ACCENT_COLOR_NAME = AccentColor;
				CODE_SIGN_STYLE = Automatic;
				CURRENT_PROJECT_VERSION = 1;
				ENABLE_USER_SCRIPT_SANDBOXING = NO;
				GENERATE_INFOPLIST_FILE = YES;
				INFOPLIST_FILE = Bubble/Application/Info.plist;
				INFOPLIST_KEY_UIApplicationSupportsIndirectInputEvents = YES;
				INFOPLIST_KEY_UILaunchStoryboardName = LaunchScreen;
				INFOPLIST_KEY_UISupportedInterfaceOrientations_iPad = "UIInterfaceOrientationPortrait UIInterfaceOrientationPortraitUpsideDown UIInterfaceOrientationLandscapeLeft UIInterfaceOrientationLandscapeRight";
				INFOPLIST_KEY_UISupportedInterfaceOrientations_iPhone = "UIInterfaceOrientationPortrait UIInterfaceOrientationLandscapeLeft UIInterfaceOrientationLandscapeRight";
				LD_RUNPATH_SEARCH_PATHS = (
					"$(inherited)",
					"@executable_path/Frameworks",
				);
				MARKETING_VERSION = 1.0;
				PRODUCT_BUNDLE_IDENTIFIER = com.team6.Bubble;
				PRODUCT_NAME = "$(TARGET_NAME)";
				SWIFT_EMIT_LOC_STRINGS = YES;
				SWIFT_VERSION = 5.0;
				TARGETED_DEVICE_FAMILY = "1,2";
			};
			name = Release;
		};
/* End XCBuildConfiguration section */

/* Begin XCConfigurationList section */
		A2AC32622BECCF9B0010903A /* Build configuration list for PBXProject "Bubble" */ = {
			isa = XCConfigurationList;
			buildConfigurations = (
				A2AC32792BECCF9F0010903A /* Debug */,
				A2AC327A2BECCF9F0010903A /* Release */,
			);
			defaultConfigurationIsVisible = 0;
			defaultConfigurationName = Release;
		};
		A2AC327B2BECCF9F0010903A /* Build configuration list for PBXNativeTarget "Bubble" */ = {
			isa = XCConfigurationList;
			buildConfigurations = (
				A2AC327C2BECCF9F0010903A /* Debug */,
				A2AC327D2BECCF9F0010903A /* Release */,
			);
			defaultConfigurationIsVisible = 0;
			defaultConfigurationName = Release;
		};
/* End XCConfigurationList section */

/* Begin XCRemoteSwiftPackageReference section */
		A2AC82882BED24CB00C5E4D0 /* XCRemoteSwiftPackageReference "SnapKit" */ = {
			isa = XCRemoteSwiftPackageReference;
			repositoryURL = "https://github.com/SnapKit/SnapKit";
			requirement = {
				kind = upToNextMajorVersion;
				minimumVersion = 5.7.1;
			};
		};
		A2AC828D2BED24D700C5E4D0 /* XCRemoteSwiftPackageReference "Then" */ = {
			isa = XCRemoteSwiftPackageReference;
			repositoryURL = "https://github.com/devxoul/Then";
			requirement = {
				kind = upToNextMajorVersion;
				minimumVersion = 3.0.0;
			};
		};
		A2AC82902BED253900C5E4D0 /* XCRemoteSwiftPackageReference "Moya" */ = {
			isa = XCRemoteSwiftPackageReference;
			repositoryURL = "https://github.com/Moya/Moya";
			requirement = {
				kind = upToNextMajorVersion;
				minimumVersion = 15.0.3;
			};
		};
/* End XCRemoteSwiftPackageReference section */

/* Begin XCSwiftPackageProductDependency section */
		A2AC82892BED24CB00C5E4D0 /* SnapKit */ = {
			isa = XCSwiftPackageProductDependency;
			package = A2AC82882BED24CB00C5E4D0 /* XCRemoteSwiftPackageReference "SnapKit" */;
			productName = SnapKit;
		};
		A2AC828E2BED24D700C5E4D0 /* Then */ = {
			isa = XCSwiftPackageProductDependency;
			package = A2AC828D2BED24D700C5E4D0 /* XCRemoteSwiftPackageReference "Then" */;
			productName = Then;
		};
		A2AC82932BED253900C5E4D0 /* Moya */ = {
			isa = XCSwiftPackageProductDependency;
			package = A2AC82902BED253900C5E4D0 /* XCRemoteSwiftPackageReference "Moya" */;
			productName = Moya;
		};
/* End XCSwiftPackageProductDependency section */
	};
	rootObject = A2AC325F2BECCF9B0010903A /* Project object */;
}
